// !$*UTF8*$!
{
	archiveVersion = 1;
	classes = {
	};
	objectVersion = 48;
	objects = {

/* Begin PBXBuildFile section */
		28BB0F875E56E05B5D3A4E70 /* Pods_TextRecognition.framework in Frameworks */ = {isa = PBXBuildFile; fileRef = 9EDE7605390B99CD5816821C /* Pods_TextRecognition.framework */; };
		B769E4431F907B65008912C6 /* AppDelegate.swift in Sources */ = {isa = PBXBuildFile; fileRef = B769E4421F907B65008912C6 /* AppDelegate.swift */; };
		B769E4451F907B65008912C6 /* ViewController.swift in Sources */ = {isa = PBXBuildFile; fileRef = B769E4441F907B65008912C6 /* ViewController.swift */; };
		B769E4481F907B65008912C6 /* Main.storyboard in Resources */ = {isa = PBXBuildFile; fileRef = B769E4461F907B65008912C6 /* Main.storyboard */; };
		B769E44A1F907B65008912C6 /* Assets.xcassets in Resources */ = {isa = PBXBuildFile; fileRef = B769E4491F907B65008912C6 /* Assets.xcassets */; };
		B769E44D1F907B65008912C6 /* LaunchScreen.storyboard in Resources */ = {isa = PBXBuildFile; fileRef = B769E44B1F907B65008912C6 /* LaunchScreen.storyboard */; };
		B769E4581F907B65008912C6 /* TextRecognitionTests.swift in Sources */ = {isa = PBXBuildFile; fileRef = B769E4571F907B65008912C6 /* TextRecognitionTests.swift */; };
		B769E4631F907B65008912C6 /* TextRecognitionUITests.swift in Sources */ = {isa = PBXBuildFile; fileRef = B769E4621F907B65008912C6 /* TextRecognitionUITests.swift */; };
		B769E4781F908EEC008912C6 /* tessdata in Resources */ = {isa = PBXBuildFile; fileRef = B769E4771F908EEC008912C6 /* tessdata */; };
		CB71873A8CBFED8A1504D85A /* Pods_TextRecognitionTests.framework in Frameworks */ = {isa = PBXBuildFile; fileRef = DDE9BAEBABBD44E3BC32CA42 /* Pods_TextRecognitionTests.framework */; };
		D305BD53E0A65819AE5884B0 /* Pods_TextRecognitionUITests.framework in Frameworks */ = {isa = PBXBuildFile; fileRef = 641CC6FCE327B374B262125D /* Pods_TextRecognitionUITests.framework */; };
/* End PBXBuildFile section */

/* Begin PBXContainerItemProxy section */
		B769E4541F907B65008912C6 /* PBXContainerItemProxy */ = {
			isa = PBXContainerItemProxy;
			containerPortal = B769E4371F907B65008912C6 /* Project object */;
			proxyType = 1;
			remoteGlobalIDString = B769E43E1F907B65008912C6;
			remoteInfo = TextRecognition;
		};
		B769E45F1F907B65008912C6 /* PBXContainerItemProxy */ = {
			isa = PBXContainerItemProxy;
			containerPortal = B769E4371F907B65008912C6 /* Project object */;
			proxyType = 1;
			remoteGlobalIDString = B769E43E1F907B65008912C6;
			remoteInfo = TextRecognition;
		};
/* End PBXContainerItemProxy section */

/* Begin PBXFileReference section */
		1A51E975213E6E311DC033B7 /* Pods-TextRecognitionTests.debug.xcconfig */ = {isa = PBXFileReference; includeInIndex = 1; lastKnownFileType = text.xcconfig; name = "Pods-TextRecognitionTests.debug.xcconfig"; path = "Pods/Target Support Files/Pods-TextRecognitionTests/Pods-TextRecognitionTests.debug.xcconfig"; sourceTree = "<group>"; };
		3EDCD95F41E587B69B4BDA1D /* Pods-TextRecognitionTests.release.xcconfig */ = {isa = PBXFileReference; includeInIndex = 1; lastKnownFileType = text.xcconfig; name = "Pods-TextRecognitionTests.release.xcconfig"; path = "Pods/Target Support Files/Pods-TextRecognitionTests/Pods-TextRecognitionTests.release.xcconfig"; sourceTree = "<group>"; };
		641CC6FCE327B374B262125D /* Pods_TextRecognitionUITests.framework */ = {isa = PBXFileReference; explicitFileType = wrapper.framework; includeInIndex = 0; path = Pods_TextRecognitionUITests.framework; sourceTree = BUILT_PRODUCTS_DIR; };
		9EDE7605390B99CD5816821C /* Pods_TextRecognition.framework */ = {isa = PBXFileReference; explicitFileType = wrapper.framework; includeInIndex = 0; path = Pods_TextRecognition.framework; sourceTree = BUILT_PRODUCTS_DIR; };
		A7911A95BDFCFE01F1828A67 /* Pods-TextRecognitionUITests.debug.xcconfig */ = {isa = PBXFileReference; includeInIndex = 1; lastKnownFileType = text.xcconfig; name = "Pods-TextRecognitionUITests.debug.xcconfig"; path = "Pods/Target Support Files/Pods-TextRecognitionUITests/Pods-TextRecognitionUITests.debug.xcconfig"; sourceTree = "<group>"; };
		B769E43F1F907B65008912C6 /* TextRecognition.app */ = {isa = PBXFileReference; explicitFileType = wrapper.application; includeInIndex = 0; path = TextRecognition.app; sourceTree = BUILT_PRODUCTS_DIR; };
		B769E4421F907B65008912C6 /* AppDelegate.swift */ = {isa = PBXFileReference; lastKnownFileType = sourcecode.swift; path = AppDelegate.swift; sourceTree = "<group>"; };
		B769E4441F907B65008912C6 /* ViewController.swift */ = {isa = PBXFileReference; lastKnownFileType = sourcecode.swift; path = ViewController.swift; sourceTree = "<group>"; };
		B769E4471F907B65008912C6 /* Base */ = {isa = PBXFileReference; lastKnownFileType = file.storyboard; name = Base; path = Base.lproj/Main.storyboard; sourceTree = "<group>"; };
		B769E4491F907B65008912C6 /* Assets.xcassets */ = {isa = PBXFileReference; lastKnownFileType = folder.assetcatalog; path = Assets.xcassets; sourceTree = "<group>"; };
		B769E44C1F907B65008912C6 /* Base */ = {isa = PBXFileReference; lastKnownFileType = file.storyboard; name = Base; path = Base.lproj/LaunchScreen.storyboard; sourceTree = "<group>"; };
		B769E44E1F907B65008912C6 /* Info.plist */ = {isa = PBXFileReference; lastKnownFileType = text.plist.xml; path = Info.plist; sourceTree = "<group>"; };
		B769E4531F907B65008912C6 /* TextRecognitionTests.xctest */ = {isa = PBXFileReference; explicitFileType = wrapper.cfbundle; includeInIndex = 0; path = TextRecognitionTests.xctest; sourceTree = BUILT_PRODUCTS_DIR; };
		B769E4571F907B65008912C6 /* TextRecognitionTests.swift */ = {isa = PBXFileReference; lastKnownFileType = sourcecode.swift; path = TextRecognitionTests.swift; sourceTree = "<group>"; };
		B769E4591F907B65008912C6 /* Info.plist */ = {isa = PBXFileReference; lastKnownFileType = text.plist.xml; path = Info.plist; sourceTree = "<group>"; };
		B769E45E1F907B65008912C6 /* TextRecognitionUITests.xctest */ = {isa = PBXFileReference; explicitFileType = wrapper.cfbundle; includeInIndex = 0; path = TextRecognitionUITests.xctest; sourceTree = BUILT_PRODUCTS_DIR; };
		B769E4621F907B65008912C6 /* TextRecognitionUITests.swift */ = {isa = PBXFileReference; lastKnownFileType = sourcecode.swift; path = TextRecognitionUITests.swift; sourceTree = "<group>"; };
		B769E4641F907B65008912C6 /* Info.plist */ = {isa = PBXFileReference; lastKnownFileType = text.plist.xml; path = Info.plist; sourceTree = "<group>"; };
		B769E4771F908EEC008912C6 /* tessdata */ = {isa = PBXFileReference; lastKnownFileType = folder; path = tessdata; sourceTree = "<group>"; };
		C20C821538F181A8195711B2 /* Pods-TextRecognitionUITests.release.xcconfig */ = {isa = PBXFileReference; includeInIndex = 1; lastKnownFileType = text.xcconfig; name = "Pods-TextRecognitionUITests.release.xcconfig"; path = "Pods/Target Support Files/Pods-TextRecognitionUITests/Pods-TextRecognitionUITests.release.xcconfig"; sourceTree = "<group>"; };
		DDE9BAEBABBD44E3BC32CA42 /* Pods_TextRecognitionTests.framework */ = {isa = PBXFileReference; explicitFileType = wrapper.framework; includeInIndex = 0; path = Pods_TextRecognitionTests.framework; sourceTree = BUILT_PRODUCTS_DIR; };
		E144514B3CEEFF29A7B0D371 /* Pods-TextRecognition.release.xcconfig */ = {isa = PBXFileReference; includeInIndex = 1; lastKnownFileType = text.xcconfig; name = "Pods-TextRecognition.release.xcconfig"; path = "Pods/Target Support Files/Pods-TextRecognition/Pods-TextRecognition.release.xcconfig"; sourceTree = "<group>"; };
		ED356B568CDBDCF34CF0BF6E /* Pods-TextRecognition.debug.xcconfig */ = {isa = PBXFileReference; includeInIndex = 1; lastKnownFileType = text.xcconfig; name = "Pods-TextRecognition.debug.xcconfig"; path = "Pods/Target Support Files/Pods-TextRecognition/Pods-TextRecognition.debug.xcconfig"; sourceTree = "<group>"; };
/* End PBXFileReference section */

/* Begin PBXFrameworksBuildPhase section */
		B769E43C1F907B65008912C6 /* Frameworks */ = {
			isa = PBXFrameworksBuildPhase;
			buildActionMask = 2147483647;
			files = (
				28BB0F875E56E05B5D3A4E70 /* Pods_TextRecognition.framework in Frameworks */,
			);
			runOnlyForDeploymentPostprocessing = 0;
		};
		B769E4501F907B65008912C6 /* Frameworks */ = {
			isa = PBXFrameworksBuildPhase;
			buildActionMask = 2147483647;
			files = (
				CB71873A8CBFED8A1504D85A /* Pods_TextRecognitionTests.framework in Frameworks */,
			);
			runOnlyForDeploymentPostprocessing = 0;
		};
		B769E45B1F907B65008912C6 /* Frameworks */ = {
			isa = PBXFrameworksBuildPhase;
			buildActionMask = 2147483647;
			files = (
				D305BD53E0A65819AE5884B0 /* Pods_TextRecognitionUITests.framework in Frameworks */,
			);
			runOnlyForDeploymentPostprocessing = 0;
		};
/* End PBXFrameworksBuildPhase section */

/* Begin PBXGroup section */
		26D43AA1C7066E15BC2B7DE4 /* Pods */ = {
			isa = PBXGroup;
			children = (
				ED356B568CDBDCF34CF0BF6E /* Pods-TextRecognition.debug.xcconfig */,
				E144514B3CEEFF29A7B0D371 /* Pods-TextRecognition.release.xcconfig */,
				1A51E975213E6E311DC033B7 /* Pods-TextRecognitionTests.debug.xcconfig */,
				3EDCD95F41E587B69B4BDA1D /* Pods-TextRecognitionTests.release.xcconfig */,
				A7911A95BDFCFE01F1828A67 /* Pods-TextRecognitionUITests.debug.xcconfig */,
				C20C821538F181A8195711B2 /* Pods-TextRecognitionUITests.release.xcconfig */,
			);
			name = Pods;
			sourceTree = "<group>";
		};
		6E2C67D55D7369DC68627E57 /* Frameworks */ = {
			isa = PBXGroup;
			children = (
				9EDE7605390B99CD5816821C /* Pods_TextRecognition.framework */,
				DDE9BAEBABBD44E3BC32CA42 /* Pods_TextRecognitionTests.framework */,
				641CC6FCE327B374B262125D /* Pods_TextRecognitionUITests.framework */,
			);
			name = Frameworks;
			sourceTree = "<group>";
		};
		B769E4361F907B65008912C6 = {
			isa = PBXGroup;
			children = (
				B769E4411F907B65008912C6 /* TextRecognition */,
				B769E4561F907B65008912C6 /* TextRecognitionTests */,
				B769E4611F907B65008912C6 /* TextRecognitionUITests */,
				B769E4401F907B65008912C6 /* Products */,
				26D43AA1C7066E15BC2B7DE4 /* Pods */,
				6E2C67D55D7369DC68627E57 /* Frameworks */,
			);
			sourceTree = "<group>";
		};
		B769E4401F907B65008912C6 /* Products */ = {
			isa = PBXGroup;
			children = (
				B769E43F1F907B65008912C6 /* TextRecognition.app */,
				B769E4531F907B65008912C6 /* TextRecognitionTests.xctest */,
				B769E45E1F907B65008912C6 /* TextRecognitionUITests.xctest */,
			);
			name = Products;
			sourceTree = "<group>";
		};
		B769E4411F907B65008912C6 /* TextRecognition */ = {
			isa = PBXGroup;
			children = (
				B769E4771F908EEC008912C6 /* tessdata */,
				B769E4421F907B65008912C6 /* AppDelegate.swift */,
				B769E4441F907B65008912C6 /* ViewController.swift */,
				B769E4461F907B65008912C6 /* Main.storyboard */,
				B769E4491F907B65008912C6 /* Assets.xcassets */,
				B769E44B1F907B65008912C6 /* LaunchScreen.storyboard */,
				B769E44E1F907B65008912C6 /* Info.plist */,
			);
			path = TextRecognition;
			sourceTree = "<group>";
		};
		B769E4561F907B65008912C6 /* TextRecognitionTests */ = {
			isa = PBXGroup;
			children = (
				B769E4571F907B65008912C6 /* TextRecognitionTests.swift */,
				B769E4591F907B65008912C6 /* Info.plist */,
			);
			path = TextRecognitionTests;
			sourceTree = "<group>";
		};
		B769E4611F907B65008912C6 /* TextRecognitionUITests */ = {
			isa = PBXGroup;
			children = (
				B769E4621F907B65008912C6 /* TextRecognitionUITests.swift */,
				B769E4641F907B65008912C6 /* Info.plist */,
			);
			path = TextRecognitionUITests;
			sourceTree = "<group>";
		};
/* End PBXGroup section */

/* Begin PBXNativeTarget section */
		B769E43E1F907B65008912C6 /* TextRecognition */ = {
			isa = PBXNativeTarget;
			buildConfigurationList = B769E4671F907B65008912C6 /* Build configuration list for PBXNativeTarget "TextRecognition" */;
			buildPhases = (
				732D916A85B24F96567BDF70 /* [CP] Check Pods Manifest.lock */,
				B769E43B1F907B65008912C6 /* Sources */,
				B769E43C1F907B65008912C6 /* Frameworks */,
				B769E43D1F907B65008912C6 /* Resources */,
				1F9F13CFF5BCBA3D55AC792C /* [CP] Embed Pods Frameworks */,
				1549A03F548AF95618E4A158 /* [CP] Copy Pods Resources */,
			);
			buildRules = (
			);
			dependencies = (
			);
			name = TextRecognition;
			productName = TextRecognition;
			productReference = B769E43F1F907B65008912C6 /* TextRecognition.app */;
			productType = "com.apple.product-type.application";
		};
		B769E4521F907B65008912C6 /* TextRecognitionTests */ = {
			isa = PBXNativeTarget;
			buildConfigurationList = B769E46A1F907B65008912C6 /* Build configuration list for PBXNativeTarget "TextRecognitionTests" */;
			buildPhases = (
				C4CC4F617931B52483B1D8BF /* [CP] Check Pods Manifest.lock */,
				B769E44F1F907B65008912C6 /* Sources */,
				B769E4501F907B65008912C6 /* Frameworks */,
				B769E4511F907B65008912C6 /* Resources */,
				B424481D2DA1AA9D94FA4ACF /* [CP] Embed Pods Frameworks */,
				1B04215616E5F9670DA9C0D1 /* [CP] Copy Pods Resources */,
			);
			buildRules = (
			);
			dependencies = (
				B769E4551F907B65008912C6 /* PBXTargetDependency */,
			);
			name = TextRecognitionTests;
			productName = TextRecognitionTests;
			productReference = B769E4531F907B65008912C6 /* TextRecognitionTests.xctest */;
			productType = "com.apple.product-type.bundle.unit-test";
		};
		B769E45D1F907B65008912C6 /* TextRecognitionUITests */ = {
			isa = PBXNativeTarget;
			buildConfigurationList = B769E46D1F907B65008912C6 /* Build configuration list for PBXNativeTarget "TextRecognitionUITests" */;
			buildPhases = (
				4C1A27C23F84DE4DE50B7C62 /* [CP] Check Pods Manifest.lock */,
				B769E45A1F907B65008912C6 /* Sources */,
				B769E45B1F907B65008912C6 /* Frameworks */,
				B769E45C1F907B65008912C6 /* Resources */,
				96DCE24AE59F8A9FD7E63750 /* [CP] Embed Pods Frameworks */,
				B7F9A731AECF96326DCA55BA /* [CP] Copy Pods Resources */,
			);
			buildRules = (
			);
			dependencies = (
				B769E4601F907B65008912C6 /* PBXTargetDependency */,
			);
			name = TextRecognitionUITests;
			productName = TextRecognitionUITests;
			productReference = B769E45E1F907B65008912C6 /* TextRecognitionUITests.xctest */;
			productType = "com.apple.product-type.bundle.ui-testing";
		};
/* End PBXNativeTarget section */

/* Begin PBXProject section */
		B769E4371F907B65008912C6 /* Project object */ = {
			isa = PBXProject;
			attributes = {
				LastSwiftUpdateCheck = 0900;
				LastUpgradeCheck = 0900;
				ORGANIZATIONNAME = "Amritendu Mondal";
				TargetAttributes = {
					B769E43E1F907B65008912C6 = {
						CreatedOnToolsVersion = 9.0;
						ProvisioningStyle = Automatic;
					};
					B769E4521F907B65008912C6 = {
						CreatedOnToolsVersion = 9.0;
						ProvisioningStyle = Automatic;
						TestTargetID = B769E43E1F907B65008912C6;
					};
					B769E45D1F907B65008912C6 = {
						CreatedOnToolsVersion = 9.0;
						ProvisioningStyle = Automatic;
						TestTargetID = B769E43E1F907B65008912C6;
					};
				};
			};
			buildConfigurationList = B769E43A1F907B65008912C6 /* Build configuration list for PBXProject "TextRecognition" */;
			compatibilityVersion = "Xcode 8.0";
			developmentRegion = en;
			hasScannedForEncodings = 0;
			knownRegions = (
				en,
				Base,
			);
			mainGroup = B769E4361F907B65008912C6;
			productRefGroup = B769E4401F907B65008912C6 /* Products */;
			projectDirPath = "";
			projectRoot = "";
			targets = (
				B769E43E1F907B65008912C6 /* TextRecognition */,
				B769E4521F907B65008912C6 /* TextRecognitionTests */,
				B769E45D1F907B65008912C6 /* TextRecognitionUITests */,
			);
		};
/* End PBXProject section */

/* Begin PBXResourcesBuildPhase section */
		B769E43D1F907B65008912C6 /* Resources */ = {
			isa = PBXResourcesBuildPhase;
			buildActionMask = 2147483647;
			files = (
				B769E44D1F907B65008912C6 /* LaunchScreen.storyboard in Resources */,
				B769E4781F908EEC008912C6 /* tessdata in Resources */,
				B769E44A1F907B65008912C6 /* Assets.xcassets in Resources */,
				B769E4481F907B65008912C6 /* Main.storyboard in Resources */,
			);
			runOnlyForDeploymentPostprocessing = 0;
		};
		B769E4511F907B65008912C6 /* Resources */ = {
			isa = PBXResourcesBuildPhase;
			buildActionMask = 2147483647;
			files = (
			);
			runOnlyForDeploymentPostprocessing = 0;
		};
		B769E45C1F907B65008912C6 /* Resources */ = {
			isa = PBXResourcesBuildPhase;
			buildActionMask = 2147483647;
			files = (
			);
			runOnlyForDeploymentPostprocessing = 0;
		};
/* End PBXResourcesBuildPhase section */

/* Begin PBXShellScriptBuildPhase section */
		1549A03F548AF95618E4A158 /* [CP] Copy Pods Resources */ = {
			isa = PBXShellScriptBuildPhase;
			buildActionMask = 2147483647;
			files = (
			);
			inputPaths = (
			);
			name = "[CP] Copy Pods Resources";
			outputPaths = (
			);
			runOnlyForDeploymentPostprocessing = 0;
			shellPath = /bin/sh;
			shellScript = "\"${SRCROOT}/Pods/Target Support Files/Pods-TextRecognition/Pods-TextRecognition-resources.sh\"\n";
			showEnvVarsInLog = 0;
		};
		1B04215616E5F9670DA9C0D1 /* [CP] Copy Pods Resources */ = {
			isa = PBXShellScriptBuildPhase;
			buildActionMask = 2147483647;
			files = (
			);
			inputPaths = (
			);
			name = "[CP] Copy Pods Resources";
			outputPaths = (
			);
			runOnlyForDeploymentPostprocessing = 0;
			shellPath = /bin/sh;
			shellScript = "\"${SRCROOT}/Pods/Target Support Files/Pods-TextRecognitionTests/Pods-TextRecognitionTests-resources.sh\"\n";
			showEnvVarsInLog = 0;
		};
		1F9F13CFF5BCBA3D55AC792C /* [CP] Embed Pods Frameworks */ = {
			isa = PBXShellScriptBuildPhase;
			buildActionMask = 2147483647;
			files = (
			);
			inputPaths = (
				"${SRCROOT}/Pods/Target Support Files/Pods-TextRecognition/Pods-TextRecognition-frameworks.sh",
				"${BUILT_PRODUCTS_DIR}/TesseractOCRiOS/TesseractOCR.framework",
			);
			name = "[CP] Embed Pods Frameworks";
			outputPaths = (
				"${TARGET_BUILD_DIR}/${FRAMEWORKS_FOLDER_PATH}/TesseractOCR.framework",
			);
			runOnlyForDeploymentPostprocessing = 0;
			shellPath = /bin/sh;
			shellScript = "\"${SRCROOT}/Pods/Target Support Files/Pods-TextRecognition/Pods-TextRecognition-frameworks.sh\"\n";
			showEnvVarsInLog = 0;
		};
		4C1A27C23F84DE4DE50B7C62 /* [CP] Check Pods Manifest.lock */ = {
			isa = PBXShellScriptBuildPhase;
			buildActionMask = 2147483647;
			files = (
			);
			inputPaths = (
				"${PODS_PODFILE_DIR_PATH}/Podfile.lock",
				"${PODS_ROOT}/Manifest.lock",
			);
			name = "[CP] Check Pods Manifest.lock";
			outputPaths = (
				"$(DERIVED_FILE_DIR)/Pods-TextRecognitionUITests-checkManifestLockResult.txt",
			);
			runOnlyForDeploymentPostprocessing = 0;
			shellPath = /bin/sh;
			shellScript = "diff \"${PODS_PODFILE_DIR_PATH}/Podfile.lock\" \"${PODS_ROOT}/Manifest.lock\" > /dev/null\nif [ $? != 0 ] ; then\n    # print error to STDERR\n    echo \"error: The sandbox is not in sync with the Podfile.lock. Run 'pod install' or update your CocoaPods installation.\" >&2\n    exit 1\nfi\n# This output is used by Xcode 'outputs' to avoid re-running this script phase.\necho \"SUCCESS\" > \"${SCRIPT_OUTPUT_FILE_0}\"\n";
			showEnvVarsInLog = 0;
		};
		732D916A85B24F96567BDF70 /* [CP] Check Pods Manifest.lock */ = {
			isa = PBXShellScriptBuildPhase;
			buildActionMask = 2147483647;
			files = (
			);
			inputPaths = (
				"${PODS_PODFILE_DIR_PATH}/Podfile.lock",
				"${PODS_ROOT}/Manifest.lock",
			);
			name = "[CP] Check Pods Manifest.lock";
			outputPaths = (
				"$(DERIVED_FILE_DIR)/Pods-TextRecognition-checkManifestLockResult.txt",
			);
			runOnlyForDeploymentPostprocessing = 0;
			shellPath = /bin/sh;
			shellScript = "diff \"${PODS_PODFILE_DIR_PATH}/Podfile.lock\" \"${PODS_ROOT}/Manifest.lock\" > /dev/null\nif [ $? != 0 ] ; then\n    # print error to STDERR\n    echo \"error: The sandbox is not in sync with the Podfile.lock. Run 'pod install' or update your CocoaPods installation.\" >&2\n    exit 1\nfi\n# This output is used by Xcode 'outputs' to avoid re-running this script phase.\necho \"SUCCESS\" > \"${SCRIPT_OUTPUT_FILE_0}\"\n";
			showEnvVarsInLog = 0;
		};
		96DCE24AE59F8A9FD7E63750 /* [CP] Embed Pods Frameworks */ = {
			isa = PBXShellScriptBuildPhase;
			buildActionMask = 2147483647;
			files = (
			);
			inputPaths = (
			);
			name = "[CP] Embed Pods Frameworks";
			outputPaths = (
			);
			runOnlyForDeploymentPostprocessing = 0;
			shellPath = /bin/sh;
			shellScript = "\"${SRCROOT}/Pods/Target Support Files/Pods-TextRecognitionUITests/Pods-TextRecognitionUITests-frameworks.sh\"\n";
			showEnvVarsInLog = 0;
		};
		B424481D2DA1AA9D94FA4ACF /* [CP] Embed Pods Frameworks */ = {
			isa = PBXShellScriptBuildPhase;
			buildActionMask = 2147483647;
			files = (
			);
			inputPaths = (
			);
			name = "[CP] Embed Pods Frameworks";
			outputPaths = (
			);
			runOnlyForDeploymentPostprocessing = 0;
			shellPath = /bin/sh;
			shellScript = "\"${SRCROOT}/Pods/Target Support Files/Pods-TextRecognitionTests/Pods-TextRecognitionTests-frameworks.sh\"\n";
			showEnvVarsInLog = 0;
		};
		B7F9A731AECF96326DCA55BA /* [CP] Copy Pods Resources */ = {
			isa = PBXShellScriptBuildPhase;
			buildActionMask = 2147483647;
			files = (
			);
			inputPaths = (
			);
			name = "[CP] Copy Pods Resources";
			outputPaths = (
			);
			runOnlyForDeploymentPostprocessing = 0;
			shellPath = /bin/sh;
			shellScript = "\"${SRCROOT}/Pods/Target Support Files/Pods-TextRecognitionUITests/Pods-TextRecognitionUITests-resources.sh\"\n";
			showEnvVarsInLog = 0;
		};
		C4CC4F617931B52483B1D8BF /* [CP] Check Pods Manifest.lock */ = {
			isa = PBXShellScriptBuildPhase;
			buildActionMask = 2147483647;
			files = (
			);
			inputPaths = (
				"${PODS_PODFILE_DIR_PATH}/Podfile.lock",
				"${PODS_ROOT}/Manifest.lock",
			);
			name = "[CP] Check Pods Manifest.lock";
			outputPaths = (
				"$(DERIVED_FILE_DIR)/Pods-TextRecognitionTests-checkManifestLockResult.txt",
			);
			runOnlyForDeploymentPostprocessing = 0;
			shellPath = /bin/sh;
			shellScript = "diff \"${PODS_PODFILE_DIR_PATH}/Podfile.lock\" \"${PODS_ROOT}/Manifest.lock\" > /dev/null\nif [ $? != 0 ] ; then\n    # print error to STDERR\n    echo \"error: The sandbox is not in sync with the Podfile.lock. Run 'pod install' or update your CocoaPods installation.\" >&2\n    exit 1\nfi\n# This output is used by Xcode 'outputs' to avoid re-running this script phase.\necho \"SUCCESS\" > \"${SCRIPT_OUTPUT_FILE_0}\"\n";
			showEnvVarsInLog = 0;
		};
/* End PBXShellScriptBuildPhase section */

/* Begin PBXSourcesBuildPhase section */
		B769E43B1F907B65008912C6 /* Sources */ = {
			isa = PBXSourcesBuildPhase;
			buildActionMask = 2147483647;
			files = (
				B769E4451F907B65008912C6 /* ViewController.swift in Sources */,
				B769E4431F907B65008912C6 /* AppDelegate.swift in Sources */,
			);
			runOnlyForDeploymentPostprocessing = 0;
		};
		B769E44F1F907B65008912C6 /* Sources */ = {
			isa = PBXSourcesBuildPhase;
			buildActionMask = 2147483647;
			files = (
				B769E4581F907B65008912C6 /* TextRecognitionTests.swift in Sources */,
			);
			runOnlyForDeploymentPostprocessing = 0;
		};
		B769E45A1F907B65008912C6 /* Sources */ = {
			isa = PBXSourcesBuildPhase;
			buildActionMask = 2147483647;
			files = (
				B769E4631F907B65008912C6 /* TextRecognitionUITests.swift in Sources */,
			);
			runOnlyForDeploymentPostprocessing = 0;
		};
/* End PBXSourcesBuildPhase section */

/* Begin PBXTargetDependency section */
		B769E4551F907B65008912C6 /* PBXTargetDependency */ = {
			isa = PBXTargetDependency;
			target = B769E43E1F907B65008912C6 /* TextRecognition */;
			targetProxy = B769E4541F907B65008912C6 /* PBXContainerItemProxy */;
		};
		B769E4601F907B65008912C6 /* PBXTargetDependency */ = {
			isa = PBXTargetDependency;
			target = B769E43E1F907B65008912C6 /* TextRecognition */;
			targetProxy = B769E45F1F907B65008912C6 /* PBXContainerItemProxy */;
		};
/* End PBXTargetDependency section */

/* Begin PBXVariantGroup section */
		B769E4461F907B65008912C6 /* Main.storyboard */ = {
			isa = PBXVariantGroup;
			children = (
				B769E4471F907B65008912C6 /* Base */,
			);
			name = Main.storyboard;
			sourceTree = "<group>";
		};
		B769E44B1F907B65008912C6 /* LaunchScreen.storyboard */ = {
			isa = PBXVariantGroup;
			children = (
				B769E44C1F907B65008912C6 /* Base */,
			);
			name = LaunchScreen.storyboard;
			sourceTree = "<group>";
		};
/* End PBXVariantGroup section */

/* Begin XCBuildConfiguration section */
		B769E4651F907B65008912C6 /* Debug */ = {
			isa = XCBuildConfiguration;
			buildSettings = {
				ALWAYS_SEARCH_USER_PATHS = NO;
				CLANG_ANALYZER_NONNULL = YES;
				CLANG_ANALYZER_NUMBER_OBJECT_CONVERSION = YES_AGGRESSIVE;
				CLANG_CXX_LANGUAGE_STANDARD = "gnu++14";
				CLANG_CXX_LIBRARY = "libc++";
				CLANG_ENABLE_MODULES = YES;
				CLANG_ENABLE_OBJC_ARC = YES;
				CLANG_WARN_BLOCK_CAPTURE_AUTORELEASING = YES;
				CLANG_WARN_BOOL_CONVERSION = YES;
				CLANG_WARN_COMMA = YES;
				CLANG_WARN_CONSTANT_CONVERSION = YES;
				CLANG_WARN_DIRECT_OBJC_ISA_USAGE = YES_ERROR;
				CLANG_WARN_DOCUMENTATION_COMMENTS = YES;
				CLANG_WARN_EMPTY_BODY = YES;
				CLANG_WARN_ENUM_CONVERSION = YES;
				CLANG_WARN_INFINITE_RECURSION = YES;
				CLANG_WARN_INT_CONVERSION = YES;
				CLANG_WARN_NON_LITERAL_NULL_CONVERSION = YES;
				CLANG_WARN_OBJC_LITERAL_CONVERSION = YES;
				CLANG_WARN_OBJC_ROOT_CLASS = YES_ERROR;
				CLANG_WARN_RANGE_LOOP_ANALYSIS = YES;
				CLANG_WARN_STRICT_PROTOTYPES = YES;
				CLANG_WARN_SUSPICIOUS_MOVE = YES;
				CLANG_WARN_UNGUARDED_AVAILABILITY = YES_AGGRESSIVE;
				CLANG_WARN_UNREACHABLE_CODE = YES;
				CLANG_WARN__DUPLICATE_METHOD_MATCH = YES;
				CODE_SIGN_IDENTITY = "iPhone Developer";
				COPY_PHASE_STRIP = NO;
				DEBUG_INFORMATION_FORMAT = dwarf;
				ENABLE_STRICT_OBJC_MSGSEND = YES;
				ENABLE_TESTABILITY = YES;
				GCC_C_LANGUAGE_STANDARD = gnu11;
				GCC_DYNAMIC_NO_PIC = NO;
				GCC_NO_COMMON_BLOCKS = YES;
				GCC_OPTIMIZATION_LEVEL = 0;
				GCC_PREPROCESSOR_DEFINITIONS = (
					"DEBUG=1",
					"$(inherited)",
				);
				GCC_WARN_64_TO_32_BIT_CONVERSION = YES;
				GCC_WARN_ABOUT_RETURN_TYPE = YES_ERROR;
				GCC_WARN_UNDECLARED_SELECTOR = YES;
				GCC_WARN_UNINITIALIZED_AUTOS = YES_AGGRESSIVE;
				GCC_WARN_UNUSED_FUNCTION = YES;
				GCC_WARN_UNUSED_VARIABLE = YES;
				IPHONEOS_DEPLOYMENT_TARGET = 11.0;
				MTL_ENABLE_DEBUG_INFO = YES;
				ONLY_ACTIVE_ARCH = YES;
				SDKROOT = iphoneos;
				SWIFT_ACTIVE_COMPILATION_CONDITIONS = DEBUG;
				SWIFT_OPTIMIZATION_LEVEL = "-Onone";
			};
			name = Debug;
		};
		B769E4661F907B65008912C6 /* Release */ = {
			isa = XCBuildConfiguration;
			buildSettings = {
				ALWAYS_SEARCH_USER_PATHS = NO;
				CLANG_ANALYZER_NONNULL = YES;
				CLANG_ANALYZER_NUMBER_OBJECT_CONVERSION = YES_AGGRESSIVE;
				CLANG_CXX_LANGUAGE_STANDARD = "gnu++14";
				CLANG_CXX_LIBRARY = "libc++";
				CLANG_ENABLE_MODULES = YES;
				CLANG_ENABLE_OBJC_ARC = YES;
				CLANG_WARN_BLOCK_CAPTURE_AUTORELEASING = YES;
				CLANG_WARN_BOOL_CONVERSION = YES;
				CLANG_WARN_COMMA = YES;
				CLANG_WARN_CONSTANT_CONVERSION = YES;
				CLANG_WARN_DIRECT_OBJC_ISA_USAGE = YES_ERROR;
				CLANG_WARN_DOCUMENTATION_COMMENTS = YES;
				CLANG_WARN_EMPTY_BODY = YES;
				CLANG_WARN_ENUM_CONVERSION = YES;
				CLANG_WARN_INFINITE_RECURSION = YES;
				CLANG_WARN_INT_CONVERSION = YES;
				CLANG_WARN_NON_LITERAL_NULL_CONVERSION = YES;
				CLANG_WARN_OBJC_LITERAL_CONVERSION = YES;
				CLANG_WARN_OBJC_ROOT_CLASS = YES_ERROR;
				CLANG_WARN_RANGE_LOOP_ANALYSIS = YES;
				CLANG_WARN_STRICT_PROTOTYPES = YES;
				CLANG_WARN_SUSPICIOUS_MOVE = YES;
				CLANG_WARN_UNGUARDED_AVAILABILITY = YES_AGGRESSIVE;
				CLANG_WARN_UNREACHABLE_CODE = YES;
				CLANG_WARN__DUPLICATE_METHOD_MATCH = YES;
				CODE_SIGN_IDENTITY = "iPhone Developer";
				COPY_PHASE_STRIP = NO;
				DEBUG_INFORMATION_FORMAT = "dwarf-with-dsym";
				ENABLE_NS_ASSERTIONS = NO;
				ENABLE_STRICT_OBJC_MSGSEND = YES;
				GCC_C_LANGUAGE_STANDARD = gnu11;
				GCC_NO_COMMON_BLOCKS = YES;
				GCC_WARN_64_TO_32_BIT_CONVERSION = YES;
				GCC_WARN_ABOUT_RETURN_TYPE = YES_ERROR;
				GCC_WARN_UNDECLARED_SELECTOR = YES;
				GCC_WARN_UNINITIALIZED_AUTOS = YES_AGGRESSIVE;
				GCC_WARN_UNUSED_FUNCTION = YES;
				GCC_WARN_UNUSED_VARIABLE = YES;
				IPHONEOS_DEPLOYMENT_TARGET = 11.0;
				MTL_ENABLE_DEBUG_INFO = NO;
				SDKROOT = iphoneos;
				SWIFT_OPTIMIZATION_LEVEL = "-Owholemodule";
				VALIDATE_PRODUCT = YES;
			};
			name = Release;
		};
		B769E4681F907B65008912C6 /* Debug */ = {
			isa = XCBuildConfiguration;
			baseConfigurationReference = ED356B568CDBDCF34CF0BF6E /* Pods-TextRecognition.debug.xcconfig */;
			buildSettings = {
				ASSETCATALOG_COMPILER_APPICON_NAME = AppIcon;
				CODE_SIGN_STYLE = Automatic;
				DEVELOPMENT_TEAM = 33QJ55F2LM;
				INFOPLIST_FILE = TextRecognition/Info.plist;
				IPHONEOS_DEPLOYMENT_TARGET = 11.0;
				LD_RUNPATH_SEARCH_PATHS = "$(inherited) @executable_path/Frameworks";
				PRODUCT_BUNDLE_IDENTIFIER = com.fd.ocr.TextRecognition;
				PRODUCT_NAME = "$(TARGET_NAME)";
				SSSS = "";
				SWIFT_VERSION = 4.0;
				TARGETED_DEVICE_FAMILY = 1;
			};
			name = Debug;
		};
		B769E4691F907B65008912C6 /* Release */ = {
			isa = XCBuildConfiguration;
			baseConfigurationReference = E144514B3CEEFF29A7B0D371 /* Pods-TextRecognition.release.xcconfig */;
			buildSettings = {
				ASSETCATALOG_COMPILER_APPICON_NAME = AppIcon;
				CODE_SIGN_STYLE = Automatic;
				DEVELOPMENT_TEAM = 33QJ55F2LM;
				INFOPLIST_FILE = TextRecognition/Info.plist;
				IPHONEOS_DEPLOYMENT_TARGET = 11.0;
				LD_RUNPATH_SEARCH_PATHS = "$(inherited) @executable_path/Frameworks";
				PRODUCT_BUNDLE_IDENTIFIER = com.fd.ocr.TextRecognition;
				PRODUCT_NAME = "$(TARGET_NAME)";
				SSSS = "";
				SWIFT_VERSION = 4.0;
				TARGETED_DEVICE_FAMILY = 1;
			};
			name = Release;
		};
		B769E46B1F907B65008912C6 /* Debug */ = {
			isa = XCBuildConfiguration;
			baseConfigurationReference = 1A51E975213E6E311DC033B7 /* Pods-TextRecognitionTests.debug.xcconfig */;
			buildSettings = {
				ALWAYS_EMBED_SWIFT_STANDARD_LIBRARIES = YES;
				BUNDLE_LOADER = "$(TEST_HOST)";
				CODE_SIGN_STYLE = Automatic;
				DEVELOPMENT_TEAM = 33QJ55F2LM;
				INFOPLIST_FILE = TextRecognitionTests/Info.plist;
				LD_RUNPATH_SEARCH_PATHS = "$(inherited) @executable_path/Frameworks @loader_path/Frameworks";
				PRODUCT_BUNDLE_IDENTIFIER = com.fd.ocr.TextRecognitionTests;
				PRODUCT_NAME = "$(TARGET_NAME)";
				SWIFT_VERSION = 4.0;
				TARGETED_DEVICE_FAMILY = "1,2";
				TEST_HOST = "$(BUILT_PRODUCTS_DIR)/TextRecognition.app/TextRecognition";
			};
			name = Debug;
		};
		B769E46C1F907B65008912C6 /* Release */ = {
			isa = XCBuildConfiguration;
			baseConfigurationReference = 3EDCD95F41E587B69B4BDA1D /* Pods-TextRecognitionTests.release.xcconfig */;
			buildSettings = {
				ALWAYS_EMBED_SWIFT_STANDARD_LIBRARIES = YES;
				BUNDLE_LOADER = "$(TEST_HOST)";
				CODE_SIGN_STYLE = Automatic;
				DEVELOPMENT_TEAM = 33QJ55F2LM;
				INFOPLIST_FILE = TextRecognitionTests/Info.plist;
				LD_RUNPATH_SEARCH_PATHS = "$(inherited) @executable_path/Frameworks @loader_path/Frameworks";
				PRODUCT_BUNDLE_IDENTIFIER = com.fd.ocr.TextRecognitionTests;
				PRODUCT_NAME = "$(TARGET_NAME)";
				SWIFT_VERSION = 4.0;
				TARGETED_DEVICE_FAMILY = "1,2";
				TEST_HOST = "$(BUILT_PRODUCTS_DIR)/TextRecognition.app/TextRecognition";
			};
			name = Release;
		};
		B769E46E1F907B65008912C6 /* Debug */ = {
			isa = XCBuildConfiguration;
			baseConfigurationReference = A7911A95BDFCFE01F1828A67 /* Pods-TextRecognitionUITests.debug.xcconfig */;
			buildSettings = {
				ALWAYS_EMBED_SWIFT_STANDARD_LIBRARIES = YES;
				CODE_SIGN_STYLE = Automatic;
				DEVELOPMENT_TEAM = 33QJ55F2LM;
				INFOPLIST_FILE = TextRecognitionUITests/Info.plist;
				LD_RUNPATH_SEARCH_PATHS = "$(inherited) @executable_path/Frameworks @loader_path/Frameworks";
				PRODUCT_BUNDLE_IDENTIFIER = com.fd.ocr.TextRecognitionUITests;
				PRODUCT_NAME = "$(TARGET_NAME)";
				SWIFT_VERSION = 4.0;
				TARGETED_DEVICE_FAMILY = "1,2";
				TEST_TARGET_NAME = TextRecognition;
			};
			name = Debug;
		};
		B769E46F1F907B65008912C6 /* Release */ = {
			isa = XCBuildConfiguration;
			baseConfigurationReference = C20C821538F181A8195711B2 /* Pods-TextRecognitionUITests.release.xcconfig */;
			buildSettings = {
				ALWAYS_EMBED_SWIFT_STANDARD_LIBRARIES = YES;
				CODE_SIGN_STYLE = Automatic;
				DEVELOPMENT_TEAM = 33QJ55F2LM;
				INFOPLIST_FILE = TextRecognitionUITests/Info.plist;
				LD_RUNPATH_SEARCH_PATHS = "$(inherited) @executable_path/Frameworks @loader_path/Frameworks";
				PRODUCT_BUNDLE_IDENTIFIER = com.fd.ocr.TextRecognitionUITests;
				PRODUCT_NAME = "$(TARGET_NAME)";
				SWIFT_VERSION = 4.0;
				TARGETED_DEVICE_FAMILY = "1,2";
				TEST_TARGET_NAME = TextRecognition;
			};
			name = Release;
		};
/* End XCBuildConfiguration section */

/* Begin XCConfigurationList section */
		B769E43A1F907B65008912C6 /* Build configuration list for PBXProject "TextRecognition" */ = {
			isa = XCConfigurationList;
			buildConfigurations = (
				B769E4651F907B65008912C6 /* Debug */,
				B769E4661F907B65008912C6 /* Release */,
			);
			defaultConfigurationIsVisible = 0;
			defaultConfigurationName = Release;
		};
		B769E4671F907B65008912C6 /* Build configuration list for PBXNativeTarget "TextRecognition" */ = {
			isa = XCConfigurationList;
			buildConfigurations = (
				B769E4681F907B65008912C6 /* Debug */,
				B769E4691F907B65008912C6 /* Release */,
			);
			defaultConfigurationIsVisible = 0;
			defaultConfigurationName = Release;
		};
		B769E46A1F907B65008912C6 /* Build configuration list for PBXNativeTarget "TextRecognitionTests" */ = {
			isa = XCConfigurationList;
			buildConfigurations = (
				B769E46B1F907B65008912C6 /* Debug */,
				B769E46C1F907B65008912C6 /* Release */,
			);
			defaultConfigurationIsVisible = 0;
			defaultConfigurationName = Release;
		};
		B769E46D1F907B65008912C6 /* Build configuration list for PBXNativeTarget "TextRecognitionUITests" */ = {
			isa = XCConfigurationList;
			buildConfigurations = (
				B769E46E1F907B65008912C6 /* Debug */,
				B769E46F1F907B65008912C6 /* Release */,
			);
			defaultConfigurationIsVisible = 0;
			defaultConfigurationName = Release;
		};
/* End XCConfigurationList section */
	};
	rootObject = B769E4371F907B65008912C6 /* Project object */;
}
